{
  "name": "trello-redux",
  "version": "0.1.0",
  "lockfileVersion": 1,
  "requires": true,
  "dependencies": {
    "redux-zero": {
      "version": "4.3.0",
      "resolved": "https://registry.npmjs.org/redux-zero/-/redux-zero-4.3.0.tgz",
      "integrity": "sha512-KfJzy+ZOPvSFjGEtagi6MXo/x+nimqgh/2DKj5Hf0wDMBZOe8O2CSR697qg7ore62mA82yrcPF9pH+QHxhLXQg=="
    }
  }
}
